{
    "name": "@pushcorn/cron",
    "version": "3.0.1",
    "lockfileVersion": 3,
    "requires": true,
    "packages": {
        "": {
            "name": "@pushcorn/cron",
            "version": "3.0.1",
            "license": "ISC",
            "peerDependencies": {
                "@pushcorn/http": "github:pushcorn/http#semver:^3.0.0",
                "@pushcorn/nit": "github:pushcorn/nit#semver:^3.0.0"
            },
            "peerDependenciesMeta": {
                "@pushcorn/http": {
                    "optional": true
                },
                "@pushcorn/nit": {
                    "optional": true
                }
            }
        }
    }
}
