{
    "name": "@pushcorn/cron",
    "version": "5.1.0",
    "lockfileVersion": 3,
    "requires": true,
    "packages": {
        "": {
            "name": "@pushcorn/cron",
            "version": "5.1.0",
            "license": "ISC",
            "peerDependencies": {
                "@pushcorn/http": "github:pushcorn/http#semver:^5.0.0",
                "@pushcorn/nit": "github:pushcorn/nit#semver:^5.1.0",
                "@pushcorn/postgresql": "github:pushcorn/postgresql#semver:^5.0.0"
            },
            "peerDependenciesMeta": {
                "@pushcorn/http": {
                    "optional": true
                },
                "@pushcorn/nit": {
                    "optional": true
                },
                "@pushcorn/postgresql": {
                    "optional": true
                }
            }
        }
    }
}
